// !$*UTF8*$!
{
	archiveVersion = 1;
	classes = {
	};
	objectVersion = 56;
	objects = {

/* Begin PBXBuildFile section */
		CC5FF2282BFB917600F68F89 /* AppDelegate.swift in Sources */ = {isa = PBXBuildFile; fileRef = CC5FF2272BFB917600F68F89 /* AppDelegate.swift */; };
		CC5FF22A2BFB917600F68F89 /* SceneDelegate.swift in Sources */ = {isa = PBXBuildFile; fileRef = CC5FF2292BFB917600F68F89 /* SceneDelegate.swift */; };
		CC5FF22C2BFB917600F68F89 /* ViewController.swift in Sources */ = {isa = PBXBuildFile; fileRef = CC5FF22B2BFB917600F68F89 /* ViewController.swift */; };
		CC5FF22F2BFB917600F68F89 /* Base in Resources */ = {isa = PBXBuildFile; fileRef = CC5FF22E2BFB917600F68F89 /* Base */; };
		CC5FF2312BFB917700F68F89 /* Assets.xcassets in Resources */ = {isa = PBXBuildFile; fileRef = CC5FF2302BFB917700F68F89 /* Assets.xcassets */; };
		CC5FF2342BFB917700F68F89 /* Base in Resources */ = {isa = PBXBuildFile; fileRef = CC5FF2332BFB917700F68F89 /* Base */; };
		CC5FF23E2BFB921100F68F89 /* NewlyCoinedWordViewController.swift in Sources */ = {isa = PBXBuildFile; fileRef = CC5FF23D2BFB921100F68F89 /* NewlyCoinedWordViewController.swift */; };
		CC5FF2402BFB924D00F68F89 /* EmotionDiaryViewController.swift in Sources */ = {isa = PBXBuildFile; fileRef = CC5FF23F2BFB924D00F68F89 /* EmotionDiaryViewController.swift */; };
		CC5FF2422BFB926300F68F89 /* EmotionDiaryModel.swift in Sources */ = {isa = PBXBuildFile; fileRef = CC5FF2412BFB926300F68F89 /* EmotionDiaryModel.swift */; };
/* End PBXBuildFile section */

/* Begin PBXFileReference section */
		CC5FF2242BFB917600F68F89 /* EmotionDiary+NewlyCoinedWord.app */ = {isa = PBXFileReference; explicitFileType = wrapper.application; includeInIndex = 0; path = "EmotionDiary+NewlyCoinedWord.app"; sourceTree = BUILT_PRODUCTS_DIR; };
		CC5FF2272BFB917600F68F89 /* AppDelegate.swift */ = {isa = PBXFileReference; lastKnownFileType = sourcecode.swift; path = AppDelegate.swift; sourceTree = "<group>"; };
		CC5FF2292BFB917600F68F89 /* SceneDelegate.swift */ = {isa = PBXFileReference; lastKnownFileType = sourcecode.swift; path = SceneDelegate.swift; sourceTree = "<group>"; };
		CC5FF22B2BFB917600F68F89 /* ViewController.swift */ = {isa = PBXFileReference; lastKnownFileType = sourcecode.swift; path = ViewController.swift; sourceTree = "<group>"; };
		CC5FF22E2BFB917600F68F89 /* Base */ = {isa = PBXFileReference; lastKnownFileType = file.storyboard; name = Base; path = Base.lproj/Main.storyboard; sourceTree = "<group>"; };
		CC5FF2302BFB917700F68F89 /* Assets.xcassets */ = {isa = PBXFileReference; lastKnownFileType = folder.assetcatalog; path = Assets.xcassets; sourceTree = "<group>"; };
		CC5FF2332BFB917700F68F89 /* Base */ = {isa = PBXFileReference; lastKnownFileType = file.storyboard; name = Base; path = Base.lproj/LaunchScreen.storyboard; sourceTree = "<group>"; };
		CC5FF2352BFB917700F68F89 /* Info.plist */ = {isa = PBXFileReference; lastKnownFileType = text.plist.xml; path = Info.plist; sourceTree = "<group>"; };
		CC5FF23D2BFB921100F68F89 /* NewlyCoinedWordViewController.swift */ = {isa = PBXFileReference; lastKnownFileType = sourcecode.swift; path = NewlyCoinedWordViewController.swift; sourceTree = "<group>"; };
		CC5FF23F2BFB924D00F68F89 /* EmotionDiaryViewController.swift */ = {isa = PBXFileReference; lastKnownFileType = sourcecode.swift; path = EmotionDiaryViewController.swift; sourceTree = "<group>"; };
		CC5FF2412BFB926300F68F89 /* EmotionDiaryModel.swift */ = {isa = PBXFileReference; lastKnownFileType = sourcecode.swift; path = EmotionDiaryModel.swift; sourceTree = "<group>"; };
/* End PBXFileReference section */

/* Begin PBXFrameworksBuildPhase section */
		CC5FF2212BFB917600F68F89 /* Frameworks */ = {
			isa = PBXFrameworksBuildPhase;
			buildActionMask = 2147483647;
			files = (
			);
			runOnlyForDeploymentPostprocessing = 0;
		};
/* End PBXFrameworksBuildPhase section */

/* Begin PBXGroup section */
		CC5FF21B2BFB917600F68F89 = {
			isa = PBXGroup;
			children = (
				CC5FF2262BFB917600F68F89 /* EmotionDiary+NewlyCoinedWord */,
				CC5FF2252BFB917600F68F89 /* Products */,
			);
			sourceTree = "<group>";
		};
		CC5FF2252BFB917600F68F89 /* Products */ = {
			isa = PBXGroup;
			children = (
				CC5FF2242BFB917600F68F89 /* EmotionDiary+NewlyCoinedWord.app */,
			);
			name = Products;
			sourceTree = "<group>";
		};
		CC5FF2262BFB917600F68F89 /* EmotionDiary+NewlyCoinedWord */ = {
			isa = PBXGroup;
			children = (
				CC5FF23C2BFB91A600F68F89 /* NewlyCoinedWord */,
				CC5FF23B2BFB918F00F68F89 /* EmotionDiary */,
				CC5FF2272BFB917600F68F89 /* AppDelegate.swift */,
				CC5FF2292BFB917600F68F89 /* SceneDelegate.swift */,
				CC5FF22B2BFB917600F68F89 /* ViewController.swift */,
				CC5FF22D2BFB917600F68F89 /* Main.storyboard */,
				CC5FF2302BFB917700F68F89 /* Assets.xcassets */,
				CC5FF2322BFB917700F68F89 /* LaunchScreen.storyboard */,
				CC5FF2352BFB917700F68F89 /* Info.plist */,
			);
			path = "EmotionDiary+NewlyCoinedWord";
			sourceTree = "<group>";
		};
		CC5FF23B2BFB918F00F68F89 /* EmotionDiary */ = {
			isa = PBXGroup;
			children = (
				CC5FF23F2BFB924D00F68F89 /* EmotionDiaryViewController.swift */,
				CC5FF2412BFB926300F68F89 /* EmotionDiaryModel.swift */,
			);
			path = EmotionDiary;
			sourceTree = "<group>";
		};
		CC5FF23C2BFB91A600F68F89 /* NewlyCoinedWord */ = {
			isa = PBXGroup;
			children = (
				CC5FF23D2BFB921100F68F89 /* NewlyCoinedWordViewController.swift */,
			);
			path = NewlyCoinedWord;
			sourceTree = "<group>";
		};
/* End PBXGroup section */

/* Begin PBXNativeTarget section */
		CC5FF2232BFB917600F68F89 /* EmotionDiary+NewlyCoinedWord */ = {
			isa = PBXNativeTarget;
			buildConfigurationList = CC5FF2382BFB917700F68F89 /* Build configuration list for PBXNativeTarget "EmotionDiary+NewlyCoinedWord" */;
			buildPhases = (
				CC5FF2202BFB917600F68F89 /* Sources */,
				CC5FF2212BFB917600F68F89 /* Frameworks */,
				CC5FF2222BFB917600F68F89 /* Resources */,
			);
			buildRules = (
			);
			dependencies = (
			);
			name = "EmotionDiary+NewlyCoinedWord";
			productName = "EmotionDiary+NewlyCoinedWord";
			productReference = CC5FF2242BFB917600F68F89 /* EmotionDiary+NewlyCoinedWord.app */;
			productType = "com.apple.product-type.application";
		};
/* End PBXNativeTarget section */

/* Begin PBXProject section */
		CC5FF21C2BFB917600F68F89 /* Project object */ = {
			isa = PBXProject;
			attributes = {
				BuildIndependentTargetsInParallel = 1;
				LastSwiftUpdateCheck = 1540;
				LastUpgradeCheck = 1540;
				TargetAttributes = {
					CC5FF2232BFB917600F68F89 = {
						CreatedOnToolsVersion = 15.4;
					};
				};
			};
			buildConfigurationList = CC5FF21F2BFB917600F68F89 /* Build configuration list for PBXProject "EmotionDiary+NewlyCoinedWord" */;
			compatibilityVersion = "Xcode 14.0";
			developmentRegion = en;
			hasScannedForEncodings = 0;
			knownRegions = (
				en,
				Base,
			);
			mainGroup = CC5FF21B2BFB917600F68F89;
			productRefGroup = CC5FF2252BFB917600F68F89 /* Products */;
			projectDirPath = "";
			projectRoot = "";
			targets = (
				CC5FF2232BFB917600F68F89 /* EmotionDiary+NewlyCoinedWord */,
			);
		};
/* End PBXProject section */

/* Begin PBXResourcesBuildPhase section */
		CC5FF2222BFB917600F68F89 /* Resources */ = {
			isa = PBXResourcesBuildPhase;
			buildActionMask = 2147483647;
			files = (
				CC5FF2312BFB917700F68F89 /* Assets.xcassets in Resources */,
				CC5FF2342BFB917700F68F89 /* Base in Resources */,
				CC5FF22F2BFB917600F68F89 /* Base in Resources */,
			);
			runOnlyForDeploymentPostprocessing = 0;
		};
/* End PBXResourcesBuildPhase section */

/* Begin PBXSourcesBuildPhase section */
		CC5FF2202BFB917600F68F89 /* Sources */ = {
			isa = PBXSourcesBuildPhase;
			buildActionMask = 2147483647;
			files = (
				CC5FF22C2BFB917600F68F89 /* ViewController.swift in Sources */,
				CC5FF2282BFB917600F68F89 /* AppDelegate.swift in Sources */,
				CC5FF23E2BFB921100F68F89 /* NewlyCoinedWordViewController.swift in Sources */,
				CC5FF2422BFB926300F68F89 /* EmotionDiaryModel.swift in Sources */,
				CC5FF22A2BFB917600F68F89 /* SceneDelegate.swift in Sources */,
				CC5FF2402BFB924D00F68F89 /* EmotionDiaryViewController.swift in Sources */,
			);
			runOnlyForDeploymentPostprocessing = 0;
		};
/* End PBXSourcesBuildPhase section */

/* Begin PBXVariantGroup section */
		CC5FF22D2BFB917600F68F89 /* Main.storyboard */ = {
			isa = PBXVariantGroup;
			children = (
				CC5FF22E2BFB917600F68F89 /* Base */,
			);
			name = Main.storyboard;
			sourceTree = "<group>";
		};
		CC5FF2322BFB917700F68F89 /* LaunchScreen.storyboard */ = {
			isa = PBXVariantGroup;
			children = (
				CC5FF2332BFB917700F68F89 /* Base */,
			);
			name = LaunchScreen.storyboard;
			sourceTree = "<group>";
		};
/* End PBXVariantGroup section */

/* Begin XCBuildConfiguration section */
		CC5FF2362BFB917700F68F89 /* Debug */ = {
			isa = XCBuildConfiguration;
			buildSettings = {
				ALWAYS_SEARCH_USER_PATHS = NO;
				ASSETCATALOG_COMPILER_GENERATE_SWIFT_ASSET_SYMBOL_EXTENSIONS = YES;
				CLANG_ANALYZER_NONNULL = YES;
				CLANG_ANALYZER_NUMBER_OBJECT_CONVERSION = YES_AGGRESSIVE;
				CLANG_CXX_LANGUAGE_STANDARD = "gnu++20";
				CLANG_ENABLE_MODULES = YES;
				CLANG_ENABLE_OBJC_ARC = YES;
				CLANG_ENABLE_OBJC_WEAK = YES;
				CLANG_WARN_BLOCK_CAPTURE_AUTORELEASING = YES;
				CLANG_WARN_BOOL_CONVERSION = YES;
				CLANG_WARN_COMMA = YES;
				CLANG_WARN_CONSTANT_CONVERSION = YES;
				CLANG_WARN_DEPRECATED_OBJC_IMPLEMENTATIONS = YES;
				CLANG_WARN_DIRECT_OBJC_ISA_USAGE = YES_ERROR;
				CLANG_WARN_DOCUMENTATION_COMMENTS = YES;
				CLANG_WARN_EMPTY_BODY = YES;
				CLANG_WARN_ENUM_CONVERSION = YES;
				CLANG_WARN_INFINITE_RECURSION = YES;
				CLANG_WARN_INT_CONVERSION = YES;
				CLANG_WARN_NON_LITERAL_NULL_CONVERSION = YES;
				CLANG_WARN_OBJC_IMPLICIT_RETAIN_SELF = YES;
				CLANG_WARN_OBJC_LITERAL_CONVERSION = YES;
				CLANG_WARN_OBJC_ROOT_CLASS = YES_ERROR;
				CLANG_WARN_QUOTED_INCLUDE_IN_FRAMEWORK_HEADER = YES;
				CLANG_WARN_RANGE_LOOP_ANALYSIS = YES;
				CLANG_WARN_STRICT_PROTOTYPES = YES;
				CLANG_WARN_SUSPICIOUS_MOVE = YES;
				CLANG_WARN_UNGUARDED_AVAILABILITY = YES_AGGRESSIVE;
				CLANG_WARN_UNREACHABLE_CODE = YES;
				CLANG_WARN__DUPLICATE_METHOD_MATCH = YES;
				COPY_PHASE_STRIP = NO;
				DEBUG_INFORMATION_FORMAT = dwarf;
				ENABLE_STRICT_OBJC_MSGSEND = YES;
				ENABLE_TESTABILITY = YES;
				ENABLE_USER_SCRIPT_SANDBOXING = YES;
				GCC_C_LANGUAGE_STANDARD = gnu17;
				GCC_DYNAMIC_NO_PIC = NO;
				GCC_NO_COMMON_BLOCKS = YES;
				GCC_OPTIMIZATION_LEVEL = 0;
				GCC_PREPROCESSOR_DEFINITIONS = (
					"DEBUG=1",
					"$(inherited)",
				);
				GCC_WARN_64_TO_32_BIT_CONVERSION = YES;
				GCC_WARN_ABOUT_RETURN_TYPE = YES_ERROR;
				GCC_WARN_UNDECLARED_SELECTOR = YES;
				GCC_WARN_UNINITIALIZED_AUTOS = YES_AGGRESSIVE;
				GCC_WARN_UNUSED_FUNCTION = YES;
				GCC_WARN_UNUSED_VARIABLE = YES;
				IPHONEOS_DEPLOYMENT_TARGET = 17.5;
				LOCALIZATION_PREFERS_STRING_CATALOGS = YES;
				MTL_ENABLE_DEBUG_INFO = INCLUDE_SOURCE;
				MTL_FAST_MATH = YES;
				ONLY_ACTIVE_ARCH = YES;
				SDKROOT = iphoneos;
				SWIFT_ACTIVE_COMPILATION_CONDITIONS = "DEBUG $(inherited)";
				SWIFT_OPTIMIZATION_LEVEL = "-Onone";
			};
			name = Debug;
		};
		CC5FF2372BFB917700F68F89 /* Release */ = {
			isa = XCBuildConfiguration;
			buildSettings = {
				ALWAYS_SEARCH_USER_PATHS = NO;
				ASSETCATALOG_COMPILER_GENERATE_SWIFT_ASSET_SYMBOL_EXTENSIONS = YES;
				CLANG_ANALYZER_NONNULL = YES;
				CLANG_ANALYZER_NUMBER_OBJECT_CONVERSION = YES_AGGRESSIVE;
				CLANG_CXX_LANGUAGE_STANDARD = "gnu++20";
				CLANG_ENABLE_MODULES = YES;
				CLANG_ENABLE_OBJC_ARC = YES;
				CLANG_ENABLE_OBJC_WEAK = YES;
				CLANG_WARN_BLOCK_CAPTURE_AUTORELEASING = YES;
				CLANG_WARN_BOOL_CONVERSION = YES;
				CLANG_WARN_COMMA = YES;
				CLANG_WARN_CONSTANT_CONVERSION = YES;
				CLANG_WARN_DEPRECATED_OBJC_IMPLEMENTATIONS = YES;
				CLANG_WARN_DIRECT_OBJC_ISA_USAGE = YES_ERROR;
				CLANG_WARN_DOCUMENTATION_COMMENTS = YES;
				CLANG_WARN_EMPTY_BODY = YES;
				CLANG_WARN_ENUM_CONVERSION = YES;
				CLANG_WARN_INFINITE_RECURSION = YES;
				CLANG_WARN_INT_CONVERSION = YES;
				CLANG_WARN_NON_LITERAL_NULL_CONVERSION = YES;
				CLANG_WARN_OBJC_IMPLICIT_RETAIN_SELF = YES;
				CLANG_WARN_OBJC_LITERAL_CONVERSION = YES;
				CLANG_WARN_OBJC_ROOT_CLASS = YES_ERROR;
				CLANG_WARN_QUOTED_INCLUDE_IN_FRAMEWORK_HEADER = YES;
				CLANG_WARN_RANGE_LOOP_ANALYSIS = YES;
				CLANG_WARN_STRICT_PROTOTYPES = YES;
				CLANG_WARN_SUSPICIOUS_MOVE = YES;
				CLANG_WARN_UNGUARDED_AVAILABILITY = YES_AGGRESSIVE;
				CLANG_WARN_UNREACHABLE_CODE = YES;
				CLANG_WARN__DUPLICATE_METHOD_MATCH = YES;
				COPY_PHASE_STRIP = NO;
				DEBUG_INFORMATION_FORMAT = "dwarf-with-dsym";
				ENABLE_NS_ASSERTIONS = NO;
				ENABLE_STRICT_OBJC_MSGSEND = YES;
				ENABLE_USER_SCRIPT_SANDBOXING = YES;
				GCC_C_LANGUAGE_STANDARD = gnu17;
				GCC_NO_COMMON_BLOCKS = YES;
				GCC_WARN_64_TO_32_BIT_CONVERSION = YES;
				GCC_WARN_ABOUT_RETURN_TYPE = YES_ERROR;
				GCC_WARN_UNDECLARED_SELECTOR = YES;
				GCC_WARN_UNINITIALIZED_AUTOS = YES_AGGRESSIVE;
				GCC_WARN_UNUSED_FUNCTION = YES;
				GCC_WARN_UNUSED_VARIABLE = YES;
				IPHONEOS_DEPLOYMENT_TARGET = 17.5;
				LOCALIZATION_PREFERS_STRING_CATALOGS = YES;
				MTL_ENABLE_DEBUG_INFO = NO;
				MTL_FAST_MATH = YES;
				SDKROOT = iphoneos;
				SWIFT_COMPILATION_MODE = wholemodule;
				VALIDATE_PRODUCT = YES;
			};
			name = Release;
		};
		CC5FF2392BFB917700F68F89 /* Debug */ = {
			isa = XCBuildConfiguration;
			buildSettings = {
				ASSETCATALOG_COMPILER_APPICON_NAME = AppIcon;
				ASSETCATALOG_COMPILER_GLOBAL_ACCENT_COLOR_NAME = AccentColor;
				CODE_SIGN_STYLE = Automatic;
				CURRENT_PROJECT_VERSION = 1;
				DEVELOPMENT_TEAM = YWNQ4RZBTS;
				GENERATE_INFOPLIST_FILE = YES;
				INFOPLIST_FILE = "EmotionDiary+NewlyCoinedWord/Info.plist";
				INFOPLIST_KEY_UIApplicationSupportsIndirectInputEvents = YES;
				INFOPLIST_KEY_UILaunchStoryboardName = LaunchScreen;
				INFOPLIST_KEY_UIMainStoryboardFile = Main;
				INFOPLIST_KEY_UISupportedInterfaceOrientations_iPad = "UIInterfaceOrientationPortrait UIInterfaceOrientationPortraitUpsideDown UIInterfaceOrientationLandscapeLeft UIInterfaceOrientationLandscapeRight";
				INFOPLIST_KEY_UISupportedInterfaceOrientations_iPhone = "UIInterfaceOrientationPortrait UIInterfaceOrientationLandscapeLeft UIInterfaceOrientationLandscapeRight";
				IPHONEOS_DEPLOYMENT_TARGET = 15.0;
				LD_RUNPATH_SEARCH_PATHS = (
					"$(inherited)",
					"@executable_path/Frameworks",
				);
				MARKETING_VERSION = 1.0;
				PRODUCT_BUNDLE_IDENTIFIER = "com.jinyoo.sesac.EmotionDiary-NewlyCoinedWord";
				PRODUCT_NAME = "$(TARGET_NAME)";
				SUPPORTED_PLATFORMS = "iphoneos iphonesimulator";
				SUPPORTS_MACCATALYST = NO;
				SUPPORTS_MAC_DESIGNED_FOR_IPHONE_IPAD = NO;
				SUPPORTS_XR_DESIGNED_FOR_IPHONE_IPAD = NO;
				SWIFT_EMIT_LOC_STRINGS = YES;
				SWIFT_VERSION = 5.0;
				TARGETED_DEVICE_FAMILY = 1;
			};
			name = Debug;
		};
		CC5FF23A2BFB917700F68F89 /* Release */ = {
			isa = XCBuildConfiguration;
			buildSettings = {
				ASSETCATALOG_COMPILER_APPICON_NAME = AppIcon;
				ASSETCATALOG_COMPILER_GLOBAL_ACCENT_COLOR_NAME = AccentColor;
				CODE_SIGN_STYLE = Automatic;
				CURRENT_PROJECT_VERSION = 1;
				DEVELOPMENT_TEAM = YWNQ4RZBTS;
				GENERATE_INFOPLIST_FILE = YES;
				INFOPLIST_FILE = "EmotionDiary+NewlyCoinedWord/Info.plist";
				INFOPLIST_KEY_UIApplicationSupportsIndirectInputEvents = YES;
				INFOPLIST_KEY_UILaunchStoryboardName = LaunchScreen;
				INFOPLIST_KEY_UIMainStoryboardFile = Main;
				INFOPLIST_KEY_UISupportedInterfaceOrientations_iPad = "UIInterfaceOrientationPortrait UIInterfaceOrientationPortraitUpsideDown UIInterfaceOrientationLandscapeLeft UIInterfaceOrientationLandscapeRight";
				INFOPLIST_KEY_UISupportedInterfaceOrientations_iPhone = "UIInterfaceOrientationPortrait UIInterfaceOrientationLandscapeLeft UIInterfaceOrientationLandscapeRight";
				IPHONEOS_DEPLOYMENT_TARGET = 15.0;
				LD_RUNPATH_SEARCH_PATHS = (
					"$(inherited)",
					"@executable_path/Frameworks",
				);
				MARKETING_VERSION = 1.0;
				PRODUCT_BUNDLE_IDENTIFIER = "com.jinyoo.sesac.EmotionDiary-NewlyCoinedWord";
				PRODUCT_NAME = "$(TARGET_NAME)";
				SUPPORTED_PLATFORMS = "iphoneos iphonesimulator";
				SUPPORTS_MACCATALYST = NO;
				SUPPORTS_MAC_DESIGNED_FOR_IPHONE_IPAD = NO;
				SUPPORTS_XR_DESIGNED_FOR_IPHONE_IPAD = NO;
				SWIFT_EMIT_LOC_STRINGS = YES;
				SWIFT_VERSION = 5.0;
				TARGETED_DEVICE_FAMILY = 1;
			};
			name = Release;
		};
/* End XCBuildConfiguration section */

/* Begin XCConfigurationList section */
		CC5FF21F2BFB917600F68F89 /* Build configuration list for PBXProject "EmotionDiary+NewlyCoinedWord" */ = {
			isa = XCConfigurationList;
			buildConfigurations = (
				CC5FF2362BFB917700F68F89 /* Debug */,
				CC5FF2372BFB917700F68F89 /* Release */,
			);
			defaultConfigurationIsVisible = 0;
			defaultConfigurationName = Release;
		};
		CC5FF2382BFB917700F68F89 /* Build configuration list for PBXNativeTarget "EmotionDiary+NewlyCoinedWord" */ = {
			isa = XCConfigurationList;
			buildConfigurations = (
				CC5FF2392BFB917700F68F89 /* Debug */,
				CC5FF23A2BFB917700F68F89 /* Release */,
			);
			defaultConfigurationIsVisible = 0;
			defaultConfigurationName = Release;
		};
/* End XCConfigurationList section */
	};
	rootObject = CC5FF21C2BFB917600F68F89 /* Project object */;
}
